// !$*UTF8*$!
{
	archiveVersion = 1;
	classes = {
	};
	objectVersion = 50;
	objects = {

/* Begin PBXBuildFile section */
		744B5CE8207FA741009E5F56 /* Assets.xcassets in Resources */ = {isa = PBXBuildFile; fileRef = 744B5CE7207FA741009E5F56 /* Assets.xcassets */; };
		744B5CEA207FB9BD009E5F56 /* CurrencyCell.swift in Sources */ = {isa = PBXBuildFile; fileRef = 744B5CE9207FB9BD009E5F56 /* CurrencyCell.swift */; };
		744B5CEC207FC8A1009E5F56 /* Currencies.swift in Sources */ = {isa = PBXBuildFile; fileRef = 744B5CEB207FC8A1009E5F56 /* Currencies.swift */; };
		744B5CEE207FC9F5009E5F56 /* Data.swift in Sources */ = {isa = PBXBuildFile; fileRef = 744B5CED207FC9F5009E5F56 /* Data.swift */; };
		744B5CF220803590009E5F56 /* Extensions.swift in Sources */ = {isa = PBXBuildFile; fileRef = 744B5CF120803590009E5F56 /* Extensions.swift */; };
		744B5CF6208101EB009E5F56 /* CurrencyVC.swift in Sources */ = {isa = PBXBuildFile; fileRef = 744B5CF5208101EA009E5F56 /* CurrencyVC.swift */; };
		7482D63D207F965800B21612 /* AppDelegate.swift in Sources */ = {isa = PBXBuildFile; fileRef = 7482D63C207F965800B21612 /* AppDelegate.swift */; };
		7482D63F207F965800B21612 /* CryptoVC.swift in Sources */ = {isa = PBXBuildFile; fileRef = 7482D63E207F965800B21612 /* CryptoVC.swift */; };
		7482D642207F965800B21612 /* Main.storyboard in Resources */ = {isa = PBXBuildFile; fileRef = 7482D640207F965800B21612 /* Main.storyboard */; };
		7482D647207F965900B21612 /* LaunchScreen.storyboard in Resources */ = {isa = PBXBuildFile; fileRef = 7482D645207F965900B21612 /* LaunchScreen.storyboard */; };
		99D2A582E6CF2FAECC7AA108 /* Pods_Easy_Exchange_Rates.framework in Frameworks */ = {isa = PBXBuildFile; fileRef = C8CD3719265A64F55FE95151 /* Pods_Easy_Exchange_Rates.framework */; };
/* End PBXBuildFile section */

/* Begin PBXFileReference section */
		744B5CE7207FA741009E5F56 /* Assets.xcassets */ = {isa = PBXFileReference; lastKnownFileType = folder.assetcatalog; path = Assets.xcassets; sourceTree = "<group>"; };
		744B5CE9207FB9BD009E5F56 /* CurrencyCell.swift */ = {isa = PBXFileReference; lastKnownFileType = sourcecode.swift; path = CurrencyCell.swift; sourceTree = "<group>"; };
		744B5CEB207FC8A1009E5F56 /* Currencies.swift */ = {isa = PBXFileReference; lastKnownFileType = sourcecode.swift; path = Currencies.swift; sourceTree = "<group>"; };
		744B5CED207FC9F5009E5F56 /* Data.swift */ = {isa = PBXFileReference; lastKnownFileType = sourcecode.swift; path = Data.swift; sourceTree = "<group>"; };
		744B5CF120803590009E5F56 /* Extensions.swift */ = {isa = PBXFileReference; lastKnownFileType = sourcecode.swift; path = Extensions.swift; sourceTree = "<group>"; };
		744B5CF5208101EA009E5F56 /* CurrencyVC.swift */ = {isa = PBXFileReference; fileEncoding = 4; lastKnownFileType = sourcecode.swift; path = CurrencyVC.swift; sourceTree = "<group>"; };
		7482D639207F965800B21612 /* Easy Exchange Rates.app */ = {isa = PBXFileReference; explicitFileType = wrapper.application; includeInIndex = 0; path = "Easy Exchange Rates.app"; sourceTree = BUILT_PRODUCTS_DIR; };
		7482D63C207F965800B21612 /* AppDelegate.swift */ = {isa = PBXFileReference; lastKnownFileType = sourcecode.swift; path = AppDelegate.swift; sourceTree = "<group>"; };
		7482D63E207F965800B21612 /* CryptoVC.swift */ = {isa = PBXFileReference; lastKnownFileType = sourcecode.swift; path = CryptoVC.swift; sourceTree = "<group>"; };
		7482D641207F965800B21612 /* Base */ = {isa = PBXFileReference; lastKnownFileType = file.storyboard; name = Base; path = Base.lproj/Main.storyboard; sourceTree = "<group>"; };
		7482D646207F965900B21612 /* Base */ = {isa = PBXFileReference; lastKnownFileType = file.storyboard; name = Base; path = Base.lproj/LaunchScreen.storyboard; sourceTree = "<group>"; };
		7482D648207F965900B21612 /* Info.plist */ = {isa = PBXFileReference; lastKnownFileType = text.plist.xml; path = Info.plist; sourceTree = "<group>"; };
		773B33927BAD3EF5552CF0F2 /* Pods-Easy Exchange Rates.debug.xcconfig */ = {isa = PBXFileReference; includeInIndex = 1; lastKnownFileType = text.xcconfig; name = "Pods-Easy Exchange Rates.debug.xcconfig"; path = "Pods/Target Support Files/Pods-Easy Exchange Rates/Pods-Easy Exchange Rates.debug.xcconfig"; sourceTree = "<group>"; };
		A087EB40A501D07EDCB9EA33 /* Pods-Easy Exchange Rates.release.xcconfig */ = {isa = PBXFileReference; includeInIndex = 1; lastKnownFileType = text.xcconfig; name = "Pods-Easy Exchange Rates.release.xcconfig"; path = "Pods/Target Support Files/Pods-Easy Exchange Rates/Pods-Easy Exchange Rates.release.xcconfig"; sourceTree = "<group>"; };
		C8CD3719265A64F55FE95151 /* Pods_Easy_Exchange_Rates.framework */ = {isa = PBXFileReference; explicitFileType = wrapper.framework; includeInIndex = 0; path = Pods_Easy_Exchange_Rates.framework; sourceTree = BUILT_PRODUCTS_DIR; };
/* End PBXFileReference section */

/* Begin PBXFrameworksBuildPhase section */
		7482D636207F965800B21612 /* Frameworks */ = {
			isa = PBXFrameworksBuildPhase;
			buildActionMask = 2147483647;
			files = (
				99D2A582E6CF2FAECC7AA108 /* Pods_Easy_Exchange_Rates.framework in Frameworks */,
			);
			runOnlyForDeploymentPostprocessing = 0;
		};
/* End PBXFrameworksBuildPhase section */

/* Begin PBXGroup section */
		744B5CF020803577009E5F56 /* Supporting Files */ = {
			isa = PBXGroup;
			children = (
				744B5CF120803590009E5F56 /* Extensions.swift */,
			);
			path = "Supporting Files";
			sourceTree = "<group>";
		};
		7482D630207F965800B21612 = {
			isa = PBXGroup;
			children = (
				7482D63B207F965800B21612 /* Easy Exchange Rates */,
				7482D63A207F965800B21612 /* Products */,
				9184C0F5491B08C2788A97E0 /* Pods */,
				F22D5DC27C0975E0A88912C2 /* Frameworks */,
			);
			sourceTree = "<group>";
		};
		7482D63A207F965800B21612 /* Products */ = {
			isa = PBXGroup;
			children = (
				7482D639207F965800B21612 /* Easy Exchange Rates.app */,
			);
			name = Products;
			sourceTree = "<group>";
		};
		7482D63B207F965800B21612 /* Easy Exchange Rates */ = {
			isa = PBXGroup;
			children = (
				744B5CF020803577009E5F56 /* Supporting Files */,
				7482D651207F967400B21612 /* Model */,
				7482D650207F967100B21612 /* View */,
				7482D64E207F966800B21612 /* Controller */,
				7482D648207F965900B21612 /* Info.plist */,
			);
			path = "Easy Exchange Rates";
			sourceTree = "<group>";
		};
		7482D64E207F966800B21612 /* Controller */ = {
			isa = PBXGroup;
			children = (
				744B5CF5208101EA009E5F56 /* CurrencyVC.swift */,
				7482D63E207F965800B21612 /* CryptoVC.swift */,
				7482D63C207F965800B21612 /* AppDelegate.swift */,
			);
			path = Controller;
			sourceTree = "<group>";
		};
		7482D650207F967100B21612 /* View */ = {
			isa = PBXGroup;
			children = (
				744B5CE7207FA741009E5F56 /* Assets.xcassets */,
				7482D640207F965800B21612 /* Main.storyboard */,
				7482D645207F965900B21612 /* LaunchScreen.storyboard */,
				744B5CE9207FB9BD009E5F56 /* CurrencyCell.swift */,
			);
			path = View;
			sourceTree = "<group>";
		};
		7482D651207F967400B21612 /* Model */ = {
			isa = PBXGroup;
			children = (
				744B5CEB207FC8A1009E5F56 /* Currencies.swift */,
				744B5CED207FC9F5009E5F56 /* Data.swift */,
			);
			path = Model;
			sourceTree = "<group>";
		};
		9184C0F5491B08C2788A97E0 /* Pods */ = {
			isa = PBXGroup;
			children = (
				773B33927BAD3EF5552CF0F2 /* Pods-Easy Exchange Rates.debug.xcconfig */,
				A087EB40A501D07EDCB9EA33 /* Pods-Easy Exchange Rates.release.xcconfig */,
			);
			name = Pods;
			sourceTree = "<group>";
		};
		F22D5DC27C0975E0A88912C2 /* Frameworks */ = {
			isa = PBXGroup;
			children = (
				C8CD3719265A64F55FE95151 /* Pods_Easy_Exchange_Rates.framework */,
			);
			name = Frameworks;
			sourceTree = "<group>";
		};
/* End PBXGroup section */

/* Begin PBXNativeTarget section */
		7482D638207F965800B21612 /* Easy Exchange Rates */ = {
			isa = PBXNativeTarget;
			buildConfigurationList = 7482D64B207F965900B21612 /* Build configuration list for PBXNativeTarget "Easy Exchange Rates" */;
			buildPhases = (
				909E3E37D8DAA5F831C322AB /* [CP] Check Pods Manifest.lock */,
				7482D635207F965800B21612 /* Sources */,
				7482D636207F965800B21612 /* Frameworks */,
				7482D637207F965800B21612 /* Resources */,
				EDD57B1517492A75DE45D409 /* [CP] Embed Pods Frameworks */,
			);
			buildRules = (
			);
			dependencies = (
			);
			name = "Easy Exchange Rates";
			productName = "Easy Exchange Rates";
			productReference = 7482D639207F965800B21612 /* Easy Exchange Rates.app */;
			productType = "com.apple.product-type.application";
		};
/* End PBXNativeTarget section */

/* Begin PBXProject section */
		7482D631207F965800B21612 /* Project object */ = {
			isa = PBXProject;
			attributes = {
				LastSwiftUpdateCheck = 0930;
				LastUpgradeCheck = 0930;
				ORGANIZATIONNAME = "Timofei Sopin";
				TargetAttributes = {
					7482D638207F965800B21612 = {
						CreatedOnToolsVersion = 9.3;
					};
				};
			};
			buildConfigurationList = 7482D634207F965800B21612 /* Build configuration list for PBXProject "Easy Exchange Rates" */;
			compatibilityVersion = "Xcode 9.3";
			developmentRegion = en;
			hasScannedForEncodings = 0;
			knownRegions = (
				en,
				Base,
			);
			mainGroup = 7482D630207F965800B21612;
			productRefGroup = 7482D63A207F965800B21612 /* Products */;
			projectDirPath = "";
			projectRoot = "";
			targets = (
				7482D638207F965800B21612 /* Easy Exchange Rates */,
			);
		};
/* End PBXProject section */

/* Begin PBXResourcesBuildPhase section */
		7482D637207F965800B21612 /* Resources */ = {
			isa = PBXResourcesBuildPhase;
			buildActionMask = 2147483647;
			files = (
				7482D647207F965900B21612 /* LaunchScreen.storyboard in Resources */,
				744B5CE8207FA741009E5F56 /* Assets.xcassets in Resources */,
				7482D642207F965800B21612 /* Main.storyboard in Resources */,
			);
			runOnlyForDeploymentPostprocessing = 0;
		};
/* End PBXResourcesBuildPhase section */

/* Begin PBXShellScriptBuildPhase section */
		909E3E37D8DAA5F831C322AB /* [CP] Check Pods Manifest.lock */ = {
			isa = PBXShellScriptBuildPhase;
			buildActionMask = 2147483647;
			files = (
			);
			inputPaths = (
				"${PODS_PODFILE_DIR_PATH}/Podfile.lock",
				"${PODS_ROOT}/Manifest.lock",
			);
			name = "[CP] Check Pods Manifest.lock";
			outputPaths = (
				"$(DERIVED_FILE_DIR)/Pods-Easy Exchange Rates-checkManifestLockResult.txt",
			);
			runOnlyForDeploymentPostprocessing = 0;
			shellPath = /bin/sh;
			shellScript = "diff \"${PODS_PODFILE_DIR_PATH}/Podfile.lock\" \"${PODS_ROOT}/Manifest.lock\" > /dev/null\nif [ $? != 0 ] ; then\n    # print error to STDERR\n    echo \"error: The sandbox is not in sync with the Podfile.lock. Run 'pod install' or update your CocoaPods installation.\" >&2\n    exit 1\nfi\n# This output is used by Xcode 'outputs' to avoid re-running this script phase.\necho \"SUCCESS\" > \"${SCRIPT_OUTPUT_FILE_0}\"\n";
			showEnvVarsInLog = 0;
		};
		EDD57B1517492A75DE45D409 /* [CP] Embed Pods Frameworks */ = {
			isa = PBXShellScriptBuildPhase;
			buildActionMask = 2147483647;
			files = (
			);
			inputPaths = (
				"${SRCROOT}/Pods/Target Support Files/Pods-Easy Exchange Rates/Pods-Easy Exchange Rates-frameworks.sh",
				"${BUILT_PRODUCTS_DIR}/AKPickerView/AKPickerView.framework",
				"${BUILT_PRODUCTS_DIR}/Alamofire/Alamofire.framework",
				"${BUILT_PRODUCTS_DIR}/Charts/Charts.framework",
				"${BUILT_PRODUCTS_DIR}/SVProgressHUD/SVProgressHUD.framework",
				"${BUILT_PRODUCTS_DIR}/SwiftyJSON/SwiftyJSON.framework",
			);
			name = "[CP] Embed Pods Frameworks";
			outputPaths = (
				"${TARGET_BUILD_DIR}/${FRAMEWORKS_FOLDER_PATH}/AKPickerView.framework",
				"${TARGET_BUILD_DIR}/${FRAMEWORKS_FOLDER_PATH}/Alamofire.framework",
				"${TARGET_BUILD_DIR}/${FRAMEWORKS_FOLDER_PATH}/Charts.framework",
				"${TARGET_BUILD_DIR}/${FRAMEWORKS_FOLDER_PATH}/SVProgressHUD.framework",
				"${TARGET_BUILD_DIR}/${FRAMEWORKS_FOLDER_PATH}/SwiftyJSON.framework",
			);
			runOnlyForDeploymentPostprocessing = 0;
			shellPath = /bin/sh;
			shellScript = "\"${SRCROOT}/Pods/Target Support Files/Pods-Easy Exchange Rates/Pods-Easy Exchange Rates-frameworks.sh\"\n";
			showEnvVarsInLog = 0;
		};
/* End PBXShellScriptBuildPhase section */

/* Begin PBXSourcesBuildPhase section */
		7482D635207F965800B21612 /* Sources */ = {
			isa = PBXSourcesBuildPhase;
			buildActionMask = 2147483647;
			files = (
				744B5CEA207FB9BD009E5F56 /* CurrencyCell.swift in Sources */,
				744B5CF220803590009E5F56 /* Extensions.swift in Sources */,
				744B5CEE207FC9F5009E5F56 /* Data.swift in Sources */,
				744B5CF6208101EB009E5F56 /* CurrencyVC.swift in Sources */,
				7482D63F207F965800B21612 /* CryptoVC.swift in Sources */,
				744B5CEC207FC8A1009E5F56 /* Currencies.swift in Sources */,
				7482D63D207F965800B21612 /* AppDelegate.swift in Sources */,
			);
			runOnlyForDeploymentPostprocessing = 0;
		};
/* End PBXSourcesBuildPhase section */

/* Begin PBXVariantGroup section */
		7482D640207F965800B21612 /* Main.storyboard */ = {
			isa = PBXVariantGroup;
			children = (
				7482D641207F965800B21612 /* Base */,
			);
			name = Main.storyboard;
			sourceTree = "<group>";
		};
		7482D645207F965900B21612 /* LaunchScreen.storyboard */ = {
			isa = PBXVariantGroup;
			children = (
				7482D646207F965900B21612 /* Base */,
			);
			name = LaunchScreen.storyboard;
			sourceTree = "<group>";
		};
/* End PBXVariantGroup section */

/* Begin XCBuildConfiguration section */
		7482D649207F965900B21612 /* Debug */ = {
			isa = XCBuildConfiguration;
			buildSettings = {
				ALWAYS_SEARCH_USER_PATHS = NO;
				CLANG_ANALYZER_NONNULL = YES;
				CLANG_ANALYZER_NUMBER_OBJECT_CONVERSION = YES_AGGRESSIVE;
				CLANG_CXX_LANGUAGE_STANDARD = "gnu++14";
				CLANG_CXX_LIBRARY = "libc++";
				CLANG_ENABLE_MODULES = YES;
				CLANG_ENABLE_OBJC_ARC = YES;
				CLANG_ENABLE_OBJC_WEAK = YES;
				CLANG_WARN_BLOCK_CAPTURE_AUTORELEASING = YES;
				CLANG_WARN_BOOL_CONVERSION = YES;
				CLANG_WARN_COMMA = YES;
				CLANG_WARN_CONSTANT_CONVERSION = YES;
				CLANG_WARN_DEPRECATED_OBJC_IMPLEMENTATIONS = YES;
				CLANG_WARN_DIRECT_OBJC_ISA_USAGE = YES_ERROR;
				CLANG_WARN_DOCUMENTATION_COMMENTS = YES;
				CLANG_WARN_EMPTY_BODY = YES;
				CLANG_WARN_ENUM_CONVERSION = YES;
				CLANG_WARN_INFINITE_RECURSION = YES;
				CLANG_WARN_INT_CONVERSION = YES;
				CLANG_WARN_NON_LITERAL_NULL_CONVERSION = YES;
				CLANG_WARN_OBJC_IMPLICIT_RETAIN_SELF = YES;
				CLANG_WARN_OBJC_LITERAL_CONVERSION = YES;
				CLANG_WARN_OBJC_ROOT_CLASS = YES_ERROR;
				CLANG_WARN_RANGE_LOOP_ANALYSIS = YES;
				CLANG_WARN_STRICT_PROTOTYPES = YES;
				CLANG_WARN_SUSPICIOUS_MOVE = YES;
				CLANG_WARN_UNGUARDED_AVAILABILITY = YES_AGGRESSIVE;
				CLANG_WARN_UNREACHABLE_CODE = YES;
				CLANG_WARN__DUPLICATE_METHOD_MATCH = YES;
				CODE_SIGN_IDENTITY = "iPhone Developer";
				COPY_PHASE_STRIP = NO;
				DEBUG_INFORMATION_FORMAT = dwarf;
				ENABLE_STRICT_OBJC_MSGSEND = YES;
				ENABLE_TESTABILITY = YES;
				GCC_C_LANGUAGE_STANDARD = gnu11;
				GCC_DYNAMIC_NO_PIC = NO;
				GCC_NO_COMMON_BLOCKS = YES;
				GCC_OPTIMIZATION_LEVEL = 0;
				GCC_PREPROCESSOR_DEFINITIONS = (
					"DEBUG=1",
					"$(inherited)",
				);
				GCC_WARN_64_TO_32_BIT_CONVERSION = YES;
				GCC_WARN_ABOUT_RETURN_TYPE = YES_ERROR;
				GCC_WARN_UNDECLARED_SELECTOR = YES;
				GCC_WARN_UNINITIALIZED_AUTOS = YES_AGGRESSIVE;
				GCC_WARN_UNUSED_FUNCTION = YES;
				GCC_WARN_UNUSED_VARIABLE = YES;
				IPHONEOS_DEPLOYMENT_TARGET = 11.3;
				MTL_ENABLE_DEBUG_INFO = YES;
				ONLY_ACTIVE_ARCH = YES;
				SDKROOT = iphoneos;
				SWIFT_ACTIVE_COMPILATION_CONDITIONS = DEBUG;
				SWIFT_OPTIMIZATION_LEVEL = "-Onone";
			};
			name = Debug;
		};
		7482D64A207F965900B21612 /* Release */ = {
			isa = XCBuildConfiguration;
			buildSettings = {
				ALWAYS_SEARCH_USER_PATHS = NO;
				CLANG_ANALYZER_NONNULL = YES;
				CLANG_ANALYZER_NUMBER_OBJECT_CONVERSION = YES_AGGRESSIVE;
				CLANG_CXX_LANGUAGE_STANDARD = "gnu++14";
				CLANG_CXX_LIBRARY = "libc++";
				CLANG_ENABLE_MODULES = YES;
				CLANG_ENABLE_OBJC_ARC = YES;
				CLANG_ENABLE_OBJC_WEAK = YES;
				CLANG_WARN_BLOCK_CAPTURE_AUTORELEASING = YES;
				CLANG_WARN_BOOL_CONVERSION = YES;
				CLANG_WARN_COMMA = YES;
				CLANG_WARN_CONSTANT_CONVERSION = YES;
				CLANG_WARN_DEPRECATED_OBJC_IMPLEMENTATIONS = YES;
				CLANG_WARN_DIRECT_OBJC_ISA_USAGE = YES_ERROR;
				CLANG_WARN_DOCUMENTATION_COMMENTS = YES;
				CLANG_WARN_EMPTY_BODY = YES;
				CLANG_WARN_ENUM_CONVERSION = YES;
				CLANG_WARN_INFINITE_RECURSION = YES;
				CLANG_WARN_INT_CONVERSION = YES;
				CLANG_WARN_NON_LITERAL_NULL_CONVERSION = YES;
				CLANG_WARN_OBJC_IMPLICIT_RETAIN_SELF = YES;
				CLANG_WARN_OBJC_LITERAL_CONVERSION = YES;
				CLANG_WARN_OBJC_ROOT_CLASS = YES_ERROR;
				CLANG_WARN_RANGE_LOOP_ANALYSIS = YES;
				CLANG_WARN_STRICT_PROTOTYPES = YES;
				CLANG_WARN_SUSPICIOUS_MOVE = YES;
				CLANG_WARN_UNGUARDED_AVAILABILITY = YES_AGGRESSIVE;
				CLANG_WARN_UNREACHABLE_CODE = YES;
				CLANG_WARN__DUPLICATE_METHOD_MATCH = YES;
				CODE_SIGN_IDENTITY = "iPhone Developer";
				COPY_PHASE_STRIP = NO;
				DEBUG_INFORMATION_FORMAT = "dwarf-with-dsym";
				ENABLE_NS_ASSERTIONS = NO;
				ENABLE_STRICT_OBJC_MSGSEND = YES;
				GCC_C_LANGUAGE_STANDARD = gnu11;
				GCC_NO_COMMON_BLOCKS = YES;
				GCC_WARN_64_TO_32_BIT_CONVERSION = YES;
				GCC_WARN_ABOUT_RETURN_TYPE = YES_ERROR;
				GCC_WARN_UNDECLARED_SELECTOR = YES;
				GCC_WARN_UNINITIALIZED_AUTOS = YES_AGGRESSIVE;
				GCC_WARN_UNUSED_FUNCTION = YES;
				GCC_WARN_UNUSED_VARIABLE = YES;
				IPHONEOS_DEPLOYMENT_TARGET = 11.3;
				MTL_ENABLE_DEBUG_INFO = NO;
				SDKROOT = iphoneos;
				SWIFT_COMPILATION_MODE = wholemodule;
				SWIFT_OPTIMIZATION_LEVEL = "-O";
				VALIDATE_PRODUCT = YES;
			};
			name = Release;
		};
		7482D64C207F965900B21612 /* Debug */ = {
			isa = XCBuildConfiguration;
			baseConfigurationReference = 773B33927BAD3EF5552CF0F2 /* Pods-Easy Exchange Rates.debug.xcconfig */;
			buildSettings = {
				ASSETCATALOG_COMPILER_APPICON_NAME = AppIcon;
				CODE_SIGN_STYLE = Automatic;
				DEVELOPMENT_TEAM = 6QEFHSRMQX;
				INFOPLIST_FILE = "Easy Exchange Rates/Info.plist";
				LD_RUNPATH_SEARCH_PATHS = (
					"$(inherited)",
					"@executable_path/Frameworks",
				);
				PRODUCT_BUNDLE_IDENTIFIER = "in.timsop.Easy-Exchange-Rates";
				PRODUCT_NAME = "$(TARGET_NAME)";
				SWIFT_VERSION = 4.0;
				TARGETED_DEVICE_FAMILY = "1,2";
			};
			name = Debug;
		};
		7482D64D207F965900B21612 /* Release */ = {
			isa = XCBuildConfiguration;
			baseConfigurationReference = A087EB40A501D07EDCB9EA33 /* Pods-Easy Exchange Rates.release.xcconfig */;
			buildSettings = {
				ASSETCATALOG_COMPILER_APPICON_NAME = AppIcon;
				CODE_SIGN_STYLE = Automatic;
				DEVELOPMENT_TEAM = 6QEFHSRMQX;
				INFOPLIST_FILE = "Easy Exchange Rates/Info.plist";
				LD_RUNPATH_SEARCH_PATHS = (
					"$(inherited)",
					"@executable_path/Frameworks",
				);
				PRODUCT_BUNDLE_IDENTIFIER = "in.timsop.Easy-Exchange-Rates";
				PRODUCT_NAME = "$(TARGET_NAME)";
				SWIFT_VERSION = 4.0;
				TARGETED_DEVICE_FAMILY = "1,2";
			};
			name = Release;
		};
/* End XCBuildConfiguration section */

/* Begin XCConfigurationList section */
		7482D634207F965800B21612 /* Build configuration list for PBXProject "Easy Exchange Rates" */ = {
			isa = XCConfigurationList;
			buildConfigurations = (
				7482D649207F965900B21612 /* Debug */,
				7482D64A207F965900B21612 /* Release */,
			);
			defaultConfigurationIsVisible = 0;
			defaultConfigurationName = Release;
		};
		7482D64B207F965900B21612 /* Build configuration list for PBXNativeTarget "Easy Exchange Rates" */ = {
			isa = XCConfigurationList;
			buildConfigurations = (
				7482D64C207F965900B21612 /* Debug */,
				7482D64D207F965900B21612 /* Release */,
			);
			defaultConfigurationIsVisible = 0;
			defaultConfigurationName = Release;
		};
/* End XCConfigurationList section */
	};
	rootObject = 7482D631207F965800B21612 /* Project object */;
}
